
Microsoft Visual Studio Solution File, Format Version 12.00
# Visual Studio Version 17
VisualStudioVersion = 17.10.35004.147
MinimumVisualStudioVersion = 10.0.40219.1
Project("{2150E333-8FDC-42A3-9474-1A3956D46DE8}") = "Services", "Services", "{8599484F-FFC2-45D9-8057-D6FFBD13412F}"
EndProject
Project("{2150E333-8FDC-42A3-9474-1A3956D46DE8}") = "Catalog", "Catalog", "{334918CF-A5DA-4F95-B9C4-29C742384400}"
EndProject
Project("{9A19103F-16F7-4668-BE54-9A1E7A4F7556}") = "Catalog.API", "Services\Catalog\Catalog.API\Catalog.API.csproj", "{B3D8C169-5ACF-4F28-918A-6B87B6E59A5E}"
EndProject
Project("{2150E333-8FDC-42A3-9474-1A3956D46DE8}") = "BuildingBlocks", "BuildingBlocks", "{E51F6CF6-C582-49EA-84C2-C51488BE80CE}"
EndProject
Project("{9A19103F-16F7-4668-BE54-9A1E7A4F7556}") = "BuildingBlocks", "BuildingBlocks\BuildingBlocks\BuildingBlocks.csproj", "{735BA828-18CD-45BF-8334-67DC1B063835}"
EndProject
Project("{E53339B2-1760-4266-BCC7-CA923CBCF16C}") = "docker-compose", "docker-compose.dcproj", "{9465B81B-B92A-43CE-BB61-9BC6BD35C8CC}"
EndProject
Project("{2150E333-8FDC-42A3-9474-1A3956D46DE8}") = "Basket", "Basket", "{D6FB744C-0D1E-4761-8AEA-5C65497F54C5}"
EndProject
Project("{9A19103F-16F7-4668-BE54-9A1E7A4F7556}") = "Basket.API", "Services\Basket\Basket.API\Basket.API.csproj", "{EB520998-5AF4-4567-AFF9-EF8914DF29F5}"
EndProject
Project("{2150E333-8FDC-42A3-9474-1A3956D46DE8}") = "Discount", "Discount", "{6E59890F-2749-42C9-9A62-AA70A6ADFEFC}"
EndProject
Project("{9A19103F-16F7-4668-BE54-9A1E7A4F7556}") = "Discount.Grpc", "Services\Discount\Discount.Grpc\Discount.Grpc.csproj", "{6B922572-BEE3-441D-8308-12D321C37001}"
EndProject
Project("{2150E333-8FDC-42A3-9474-1A3956D46DE8}") = "Ordering", "Ordering", "{2DC23892-BB00-4DBE-A3A6-245DB04F3199}"
EndProject
Project("{9A19103F-16F7-4668-BE54-9A1E7A4F7556}") = "Ordering.API", "Services\Ordering\Ordering.API\Ordering.API.csproj", "{3347F003-7623-4634-87E5-7EAB7A2D1E7E}"
EndProject
Project("{9A19103F-16F7-4668-BE54-9A1E7A4F7556}") = "Ordering.Domain", "Services\Ordering\Ordering.Domain\Ordering.Domain.csproj", "{C2B87B7C-490E-4773-A9D3-76C4E17C6362}"
EndProject
Project("{9A19103F-16F7-4668-BE54-9A1E7A4F7556}") = "Ordering.Application", "Services\Ordering\Ordering.Application\Ordering.Application.csproj", "{E5FFEE9A-EE26-448D-873F-9CD29F6E1C04}"
EndProject
Project("{9A19103F-16F7-4668-BE54-9A1E7A4F7556}") = "Ordering.Infrastructure", "Services\Ordering\Ordering.Infrastructure\Ordering.Infrastructure.csproj", "{D3246058-FAD4-43F6-AB3D-BEFBAF51358A}"
EndProject
Project("{9A19103F-16F7-4668-BE54-9A1E7A4F7556}") = "BuildingBlocks.Messaging", "BuildingBlocks\BuildingBlocks.Messaging\BuildingBlocks.Messaging.csproj", "{61585A3C-DDBB-45CA-9D29-2DD6FEDB9BFF}"
EndProject
Project("{2150E333-8FDC-42A3-9474-1A3956D46DE8}") = "ApiGateways", "ApiGateways", "{114D4217-558A-4010-897B-B406E3E6B4B1}"
EndProject
Project("{FAE04EC0-301F-11D3-BF4B-00C04F79EFBC}") = "YarpApiGateway", "ApiGateways\YarpApiGateway\YarpApiGateway.csproj", "{B166A098-4B14-4911-84A4-B6FB5C4407DB}"
EndProject
Project("{2150E333-8FDC-42A3-9474-1A3956D46DE8}") = "WebApps", "WebApps", "{5D315FA2-1C3B-44B8-AB32-4A2954A605F5}"
EndProject
Project("{FAE04EC0-301F-11D3-BF4B-00C04F79EFBC}") = "Shopping.Web", "WebApps\Shopping.Web\Shopping.Web.csproj", "{280D7573-2975-40E8-9E7B-1700401AFAD4}"
EndProject
Global
	GlobalSection(SolutionConfigurationPlatforms) = preSolution
		Debug|Any CPU = Debug|Any CPU
		Release|Any CPU = Release|Any CPU
	EndGlobalSection
	GlobalSection(ProjectConfigurationPlatforms) = postSolution
		{B3D8C169-5ACF-4F28-918A-6B87B6E59A5E}.Debug|Any CPU.ActiveCfg = Debug|Any CPU
		{B3D8C169-5ACF-4F28-918A-6B87B6E59A5E}.Debug|Any CPU.Build.0 = Debug|Any CPU
		{B3D8C169-5ACF-4F28-918A-6B87B6E59A5E}.Release|Any CPU.ActiveCfg = Release|Any CPU
		{B3D8C169-5ACF-4F28-918A-6B87B6E59A5E}.Release|Any CPU.Build.0 = Release|Any CPU
		{735BA828-18CD-45BF-8334-67DC1B063835}.Debug|Any CPU.ActiveCfg = Debug|Any CPU
		{735BA828-18CD-45BF-8334-67DC1B063835}.Debug|Any CPU.Build.0 = Debug|Any CPU
		{735BA828-18CD-45BF-8334-67DC1B063835}.Release|Any CPU.ActiveCfg = Release|Any CPU
		{735BA828-18CD-45BF-8334-67DC1B063835}.Release|Any CPU.Build.0 = Release|Any CPU
		{9465B81B-B92A-43CE-BB61-9BC6BD35C8CC}.Debug|Any CPU.ActiveCfg = Debug|Any CPU
		{9465B81B-B92A-43CE-BB61-9BC6BD35C8CC}.Debug|Any CPU.Build.0 = Debug|Any CPU
		{9465B81B-B92A-43CE-BB61-9BC6BD35C8CC}.Release|Any CPU.ActiveCfg = Release|Any CPU
		{9465B81B-B92A-43CE-BB61-9BC6BD35C8CC}.Release|Any CPU.Build.0 = Release|Any CPU
		{EB520998-5AF4-4567-AFF9-EF8914DF29F5}.Debug|Any CPU.ActiveCfg = Debug|Any CPU
		{EB520998-5AF4-4567-AFF9-EF8914DF29F5}.Debug|Any CPU.Build.0 = Debug|Any CPU
		{EB520998-5AF4-4567-AFF9-EF8914DF29F5}.Release|Any CPU.ActiveCfg = Release|Any CPU
		{EB520998-5AF4-4567-AFF9-EF8914DF29F5}.Release|Any CPU.Build.0 = Release|Any CPU
		{6B922572-BEE3-441D-8308-12D321C37001}.Debug|Any CPU.ActiveCfg = Debug|Any CPU
		{6B922572-BEE3-441D-8308-12D321C37001}.Debug|Any CPU.Build.0 = Debug|Any CPU
		{6B922572-BEE3-441D-8308-12D321C37001}.Release|Any CPU.ActiveCfg = Release|Any CPU
		{6B922572-BEE3-441D-8308-12D321C37001}.Release|Any CPU.Build.0 = Release|Any CPU
		{3347F003-7623-4634-87E5-7EAB7A2D1E7E}.Debug|Any CPU.ActiveCfg = Debug|Any CPU
		{3347F003-7623-4634-87E5-7EAB7A2D1E7E}.Debug|Any CPU.Build.0 = Debug|Any CPU
		{3347F003-7623-4634-87E5-7EAB7A2D1E7E}.Release|Any CPU.ActiveCfg = Release|Any CPU
		{3347F003-7623-4634-87E5-7EAB7A2D1E7E}.Release|Any CPU.Build.0 = Release|Any CPU
		{C2B87B7C-490E-4773-A9D3-76C4E17C6362}.Debug|Any CPU.ActiveCfg = Debug|Any CPU
		{C2B87B7C-490E-4773-A9D3-76C4E17C6362}.Debug|Any CPU.Build.0 = Debug|Any CPU
		{C2B87B7C-490E-4773-A9D3-76C4E17C6362}.Release|Any CPU.ActiveCfg = Release|Any CPU
		{C2B87B7C-490E-4773-A9D3-76C4E17C6362}.Release|Any CPU.Build.0 = Release|Any CPU
		{E5FFEE9A-EE26-448D-873F-9CD29F6E1C04}.Debug|Any CPU.ActiveCfg = Debug|Any CPU
		{E5FFEE9A-EE26-448D-873F-9CD29F6E1C04}.Debug|Any CPU.Build.0 = Debug|Any CPU
		{E5FFEE9A-EE26-448D-873F-9CD29F6E1C04}.Release|Any CPU.ActiveCfg = Release|Any CPU
		{E5FFEE9A-EE26-448D-873F-9CD29F6E1C04}.Release|Any CPU.Build.0 = Release|Any CPU
		{D3246058-FAD4-43F6-AB3D-BEFBAF51358A}.Debug|Any CPU.ActiveCfg = Debug|Any CPU
		{D3246058-FAD4-43F6-AB3D-BEFBAF51358A}.Debug|Any CPU.Build.0 = Debug|Any CPU
		{D3246058-FAD4-43F6-AB3D-BEFBAF51358A}.Release|Any CPU.ActiveCfg = Release|Any CPU
		{D3246058-FAD4-43F6-AB3D-BEFBAF51358A}.Release|Any CPU.Build.0 = Release|Any CPU
		{61585A3C-DDBB-45CA-9D29-2DD6FEDB9BFF}.Debug|Any CPU.ActiveCfg = Debug|Any CPU
		{61585A3C-DDBB-45CA-9D29-2DD6FEDB9BFF}.Debug|Any CPU.Build.0 = Debug|Any CPU
		{61585A3C-DDBB-45CA-9D29-2DD6FEDB9BFF}.Release|Any CPU.ActiveCfg = Release|Any CPU
		{61585A3C-DDBB-45CA-9D29-2DD6FEDB9BFF}.Release|Any CPU.Build.0 = Release|Any CPU
		{B166A098-4B14-4911-84A4-B6FB5C4407DB}.Debug|Any CPU.ActiveCfg = Debug|Any CPU
		{B166A098-4B14-4911-84A4-B6FB5C4407DB}.Debug|Any CPU.Build.0 = Debug|Any CPU
		{B166A098-4B14-4911-84A4-B6FB5C4407DB}.Release|Any CPU.ActiveCfg = Release|Any CPU
		{B166A098-4B14-4911-84A4-B6FB5C4407DB}.Release|Any CPU.Build.0 = Release|Any CPU
		{280D7573-2975-40E8-9E7B-1700401AFAD4}.Debug|Any CPU.ActiveCfg = Debug|Any CPU
		{280D7573-2975-40E8-9E7B-1700401AFAD4}.Debug|Any CPU.Build.0 = Debug|Any CPU
		{280D7573-2975-40E8-9E7B-1700401AFAD4}.Release|Any CPU.ActiveCfg = Release|Any CPU
		{280D7573-2975-40E8-9E7B-1700401AFAD4}.Release|Any CPU.Build.0 = Release|Any CPU
	EndGlobalSection
	GlobalSection(SolutionProperties) = preSolution
		HideSolutionNode = FALSE
	EndGlobalSection
	GlobalSection(NestedProjects) = preSolution
		{334918CF-A5DA-4F95-B9C4-29C742384400} = {8599484F-FFC2-45D9-8057-D6FFBD13412F}
		{B3D8C169-5ACF-4F28-918A-6B87B6E59A5E} = {334918CF-A5DA-4F95-B9C4-29C742384400}
		{735BA828-18CD-45BF-8334-67DC1B063835} = {E51F6CF6-C582-49EA-84C2-C51488BE80CE}
		{D6FB744C-0D1E-4761-8AEA-5C65497F54C5} = {8599484F-FFC2-45D9-8057-D6FFBD13412F}
		{EB520998-5AF4-4567-AFF9-EF8914DF29F5} = {D6FB744C-0D1E-4761-8AEA-5C65497F54C5}
		{6E59890F-2749-42C9-9A62-AA70A6ADFEFC} = {8599484F-FFC2-45D9-8057-D6FFBD13412F}
		{6B922572-BEE3-441D-8308-12D321C37001} = {6E59890F-2749-42C9-9A62-AA70A6ADFEFC}
		{2DC23892-BB00-4DBE-A3A6-245DB04F3199} = {8599484F-FFC2-45D9-8057-D6FFBD13412F}
		{3347F003-7623-4634-87E5-7EAB7A2D1E7E} = {2DC23892-BB00-4DBE-A3A6-245DB04F3199}
		{C2B87B7C-490E-4773-A9D3-76C4E17C6362} = {2DC23892-BB00-4DBE-A3A6-245DB04F3199}
		{E5FFEE9A-EE26-448D-873F-9CD29F6E1C04} = {2DC23892-BB00-4DBE-A3A6-245DB04F3199}
		{D3246058-FAD4-43F6-AB3D-BEFBAF51358A} = {2DC23892-BB00-4DBE-A3A6-245DB04F3199}
		{61585A3C-DDBB-45CA-9D29-2DD6FEDB9BFF} = {E51F6CF6-C582-49EA-84C2-C51488BE80CE}
		{B166A098-4B14-4911-84A4-B6FB5C4407DB} = {114D4217-558A-4010-897B-B406E3E6B4B1}
		{280D7573-2975-40E8-9E7B-1700401AFAD4} = {5D315FA2-1C3B-44B8-AB32-4A2954A605F5}
	EndGlobalSection
	GlobalSection(ExtensibilityGlobals) = postSolution
		SolutionGuid = {3F39516B-2F1F-44A3-9EFA-D0E4CEEF7A45}
	EndGlobalSection
EndGlobal
